// !$*UTF8*$!
{
	archiveVersion = 1;
	classes = {
	};
	objectVersion = 55;
	objects = {

/* Begin PBXBuildFile section */
		B96E0C9827F4069D0071FA64 /* AppDelegate.swift in Sources */ = {isa = PBXBuildFile; fileRef = B96E0C9727F4069D0071FA64 /* AppDelegate.swift */; };
		B96E0C9A27F4069D0071FA64 /* SceneDelegate.swift in Sources */ = {isa = PBXBuildFile; fileRef = B96E0C9927F4069D0071FA64 /* SceneDelegate.swift */; };
		B96E0C9C27F4069D0071FA64 /* ViewController.swift in Sources */ = {isa = PBXBuildFile; fileRef = B96E0C9B27F4069D0071FA64 /* ViewController.swift */; };
		B96E0C9F27F4069D0071FA64 /* Main.storyboard in Resources */ = {isa = PBXBuildFile; fileRef = B96E0C9D27F4069D0071FA64 /* Main.storyboard */; };
		B96E0CA127F4069E0071FA64 /* Assets.xcassets in Resources */ = {isa = PBXBuildFile; fileRef = B96E0CA027F4069E0071FA64 /* Assets.xcassets */; };
		B96E0CA427F4069E0071FA64 /* LaunchScreen.storyboard in Resources */ = {isa = PBXBuildFile; fileRef = B96E0CA227F4069E0071FA64 /* LaunchScreen.storyboard */; };
		B96E0CAC27F4A0400071FA64 /* HomeTableViewHeader.xib in Resources */ = {isa = PBXBuildFile; fileRef = B96E0CAB27F4A0400071FA64 /* HomeTableViewHeader.xib */; };
		B96E0CAE27F4A2850071FA64 /* HomeTableViewHeader.swift in Sources */ = {isa = PBXBuildFile; fileRef = B96E0CAD27F4A2850071FA64 /* HomeTableViewHeader.swift */; };
		B988192127F8891E0012C488 /* ViagemTableViewCell.swift in Sources */ = {isa = PBXBuildFile; fileRef = B988191F27F8891E0012C488 /* ViagemTableViewCell.swift */; };
		B988192227F8891E0012C488 /* ViagemTableViewCell.xib in Resources */ = {isa = PBXBuildFile; fileRef = B988192027F8891E0012C488 /* ViagemTableViewCell.xib */; };
		B988192527FA24FF0012C488 /* server-response.json in Resources */ = {isa = PBXBuildFile; fileRef = B988192427FA24FF0012C488 /* server-response.json */; };
		B988192727FA254B0012C488 /* DecodableData.swift in Sources */ = {isa = PBXBuildFile; fileRef = B988192627FA254B0012C488 /* DecodableData.swift */; };
		B988192927FA25680012C488 /* TiposDeViagens.swift in Sources */ = {isa = PBXBuildFile; fileRef = B988192827FA25680012C488 /* TiposDeViagens.swift */; };
		B988192B27FA257E0012C488 /* Viagem.swift in Sources */ = {isa = PBXBuildFile; fileRef = B988192A27FA257E0012C488 /* Viagem.swift */; };
		B988192E27FA259D0012C488 /* UIView+Extension.swift in Sources */ = {isa = PBXBuildFile; fileRef = B988192D27FA259D0012C488 /* UIView+Extension.swift */; };
		B988193027FA26680012C488 /* ViagemViewModel.swift in Sources */ = {isa = PBXBuildFile; fileRef = B988192F27FA26680012C488 /* ViagemViewModel.swift */; };
		B988193227FA28320012C488 /* ViagemDestaqueViewModel.swift in Sources */ = {isa = PBXBuildFile; fileRef = B988193127FA28320012C488 /* ViagemDestaqueViewModel.swift */; };
		B988193727FB46270012C488 /* OfertaTableViewCell.swift in Sources */ = {isa = PBXBuildFile; fileRef = B988193527FB46270012C488 /* OfertaTableViewCell.swift */; };
		B988193827FB46270012C488 /* OfertaTableViewCell.xib in Resources */ = {isa = PBXBuildFile; fileRef = B988193627FB46270012C488 /* OfertaTableViewCell.xib */; };
		B988193A27FB48DB0012C488 /* ViagemOfertaViewModel.swift in Sources */ = {isa = PBXBuildFile; fileRef = B988193927FB48DB0012C488 /* ViagemOfertaViewModel.swift */; };
		B988194027FC92270012C488 /* DetalheViewController.swift in Sources */ = {isa = PBXBuildFile; fileRef = B988193E27FC92270012C488 /* DetalheViewController.swift */; };
		B988194127FC92270012C488 /* DetalheViewController.xib in Resources */ = {isa = PBXBuildFile; fileRef = B988193F27FC92270012C488 /* DetalheViewController.xib */; };
/* End PBXBuildFile section */

/* Begin PBXFileReference section */
		B96E0C9427F4069D0071FA64 /* AppViagens.app */ = {isa = PBXFileReference; explicitFileType = wrapper.application; includeInIndex = 0; path = AppViagens.app; sourceTree = BUILT_PRODUCTS_DIR; };
		B96E0C9727F4069D0071FA64 /* AppDelegate.swift */ = {isa = PBXFileReference; lastKnownFileType = sourcecode.swift; path = AppDelegate.swift; sourceTree = "<group>"; };
		B96E0C9927F4069D0071FA64 /* SceneDelegate.swift */ = {isa = PBXFileReference; lastKnownFileType = sourcecode.swift; path = SceneDelegate.swift; sourceTree = "<group>"; };
		B96E0C9B27F4069D0071FA64 /* ViewController.swift */ = {isa = PBXFileReference; lastKnownFileType = sourcecode.swift; path = ViewController.swift; sourceTree = "<group>"; };
		B96E0C9E27F4069D0071FA64 /* Base */ = {isa = PBXFileReference; lastKnownFileType = file.storyboard; name = Base; path = Base.lproj/Main.storyboard; sourceTree = "<group>"; };
		B96E0CA027F4069E0071FA64 /* Assets.xcassets */ = {isa = PBXFileReference; lastKnownFileType = folder.assetcatalog; path = Assets.xcassets; sourceTree = "<group>"; };
		B96E0CA327F4069E0071FA64 /* Base */ = {isa = PBXFileReference; lastKnownFileType = file.storyboard; name = Base; path = Base.lproj/LaunchScreen.storyboard; sourceTree = "<group>"; };
		B96E0CA527F4069E0071FA64 /* Info.plist */ = {isa = PBXFileReference; lastKnownFileType = text.plist.xml; path = Info.plist; sourceTree = "<group>"; };
		B96E0CAB27F4A0400071FA64 /* HomeTableViewHeader.xib */ = {isa = PBXFileReference; lastKnownFileType = file.xib; path = HomeTableViewHeader.xib; sourceTree = "<group>"; };
		B96E0CAD27F4A2850071FA64 /* HomeTableViewHeader.swift */ = {isa = PBXFileReference; lastKnownFileType = sourcecode.swift; path = HomeTableViewHeader.swift; sourceTree = "<group>"; };
		B988191F27F8891E0012C488 /* ViagemTableViewCell.swift */ = {isa = PBXFileReference; lastKnownFileType = sourcecode.swift; path = ViagemTableViewCell.swift; sourceTree = "<group>"; };
		B988192027F8891E0012C488 /* ViagemTableViewCell.xib */ = {isa = PBXFileReference; lastKnownFileType = file.xib; path = ViagemTableViewCell.xib; sourceTree = "<group>"; };
		B988192427FA24FF0012C488 /* server-response.json */ = {isa = PBXFileReference; fileEncoding = 4; lastKnownFileType = text.json; path = "server-response.json"; sourceTree = "<group>"; };
		B988192627FA254B0012C488 /* DecodableData.swift */ = {isa = PBXFileReference; fileEncoding = 4; lastKnownFileType = sourcecode.swift; path = DecodableData.swift; sourceTree = "<group>"; };
		B988192827FA25680012C488 /* TiposDeViagens.swift */ = {isa = PBXFileReference; fileEncoding = 4; lastKnownFileType = sourcecode.swift; path = TiposDeViagens.swift; sourceTree = "<group>"; };
		B988192A27FA257E0012C488 /* Viagem.swift */ = {isa = PBXFileReference; fileEncoding = 4; lastKnownFileType = sourcecode.swift; path = Viagem.swift; sourceTree = "<group>"; };
		B988192D27FA259D0012C488 /* UIView+Extension.swift */ = {isa = PBXFileReference; fileEncoding = 4; lastKnownFileType = sourcecode.swift; path = "UIView+Extension.swift"; sourceTree = "<group>"; };
		B988192F27FA26680012C488 /* ViagemViewModel.swift */ = {isa = PBXFileReference; lastKnownFileType = sourcecode.swift; path = ViagemViewModel.swift; sourceTree = "<group>"; };
		B988193127FA28320012C488 /* ViagemDestaqueViewModel.swift */ = {isa = PBXFileReference; lastKnownFileType = sourcecode.swift; path = ViagemDestaqueViewModel.swift; sourceTree = "<group>"; };
		B988193527FB46270012C488 /* OfertaTableViewCell.swift */ = {isa = PBXFileReference; lastKnownFileType = sourcecode.swift; path = OfertaTableViewCell.swift; sourceTree = "<group>"; };
		B988193627FB46270012C488 /* OfertaTableViewCell.xib */ = {isa = PBXFileReference; lastKnownFileType = file.xib; path = OfertaTableViewCell.xib; sourceTree = "<group>"; };
		B988193927FB48DB0012C488 /* ViagemOfertaViewModel.swift */ = {isa = PBXFileReference; lastKnownFileType = sourcecode.swift; path = ViagemOfertaViewModel.swift; sourceTree = "<group>"; };
		B988193E27FC92270012C488 /* DetalheViewController.swift */ = {isa = PBXFileReference; lastKnownFileType = sourcecode.swift; path = DetalheViewController.swift; sourceTree = "<group>"; };
		B988193F27FC92270012C488 /* DetalheViewController.xib */ = {isa = PBXFileReference; lastKnownFileType = file.xib; path = DetalheViewController.xib; sourceTree = "<group>"; };
/* End PBXFileReference section */

/* Begin PBXFrameworksBuildPhase section */
		B96E0C9127F4069D0071FA64 /* Frameworks */ = {
			isa = PBXFrameworksBuildPhase;
			buildActionMask = 2147483647;
			files = (
			);
			runOnlyForDeploymentPostprocessing = 0;
		};
/* End PBXFrameworksBuildPhase section */

/* Begin PBXGroup section */
		B969F97F27F7EF0F009AC333 /* AppDelegate */ = {
			isa = PBXGroup;
			children = (
				B96E0C9927F4069D0071FA64 /* SceneDelegate.swift */,
				B96E0C9727F4069D0071FA64 /* AppDelegate.swift */,
			);
			path = AppDelegate;
			sourceTree = "<group>";
		};
		B969F98027F7EF29009AC333 /* Model */ = {
			isa = PBXGroup;
			children = (
				B988192A27FA257E0012C488 /* Viagem.swift */,
				B988192827FA25680012C488 /* TiposDeViagens.swift */,
				B988192627FA254B0012C488 /* DecodableData.swift */,
			);
			path = Model;
			sourceTree = "<group>";
		};
		B969F98127F7EF4D009AC333 /* View */ = {
			isa = PBXGroup;
			children = (
				B96E0C9B27F4069D0071FA64 /* ViewController.swift */,
				B96E0C9D27F4069D0071FA64 /* Main.storyboard */,
				B988193D27FC91E80012C488 /* DetalheViewController */,
				B969F98227F7EF5F009AC333 /* Header */,
				B969F98427F7F91E009AC333 /* Celula */,
			);
			path = View;
			sourceTree = "<group>";
		};
		B969F98227F7EF5F009AC333 /* Header */ = {
			isa = PBXGroup;
			children = (
				B96E0CAB27F4A0400071FA64 /* HomeTableViewHeader.xib */,
				B96E0CAD27F4A2850071FA64 /* HomeTableViewHeader.swift */,
			);
			path = Header;
			sourceTree = "<group>";
		};
		B969F98327F7EF7C009AC333 /* ViewModel */ = {
			isa = PBXGroup;
			children = (
				B988192F27FA26680012C488 /* ViagemViewModel.swift */,
				B988193127FA28320012C488 /* ViagemDestaqueViewModel.swift */,
				B988193927FB48DB0012C488 /* ViagemOfertaViewModel.swift */,
			);
			path = ViewModel;
			sourceTree = "<group>";
		};
		B969F98427F7F91E009AC333 /* Celula */ = {
			isa = PBXGroup;
			children = (
				B988193327FB45DE0012C488 /* Destaque */,
				B988193427FB45F40012C488 /* Oferta */,
			);
			path = Celula;
			sourceTree = "<group>";
		};
		B96E0C8B27F4069D0071FA64 = {
			isa = PBXGroup;
			children = (
				B96E0C9627F4069D0071FA64 /* AppViagens */,
				B96E0C9527F4069D0071FA64 /* Products */,
			);
			sourceTree = "<group>";
		};
		B96E0C9527F4069D0071FA64 /* Products */ = {
			isa = PBXGroup;
			children = (
				B96E0C9427F4069D0071FA64 /* AppViagens.app */,
			);
			name = Products;
			sourceTree = "<group>";
		};
		B96E0C9627F4069D0071FA64 /* AppViagens */ = {
			isa = PBXGroup;
			children = (
				B988192327FA24CC0012C488 /* Mock */,
				B988192C27FA25900012C488 /* Extension */,
				B969F97F27F7EF0F009AC333 /* AppDelegate */,
				B969F98327F7EF7C009AC333 /* ViewModel */,
				B969F98127F7EF4D009AC333 /* View */,
				B969F98027F7EF29009AC333 /* Model */,
				B96E0CA027F4069E0071FA64 /* Assets.xcassets */,
				B96E0CA227F4069E0071FA64 /* LaunchScreen.storyboard */,
				B96E0CA527F4069E0071FA64 /* Info.plist */,
			);
			path = AppViagens;
			sourceTree = "<group>";
		};
		B988192327FA24CC0012C488 /* Mock */ = {
			isa = PBXGroup;
			children = (
				B988192427FA24FF0012C488 /* server-response.json */,
			);
			path = Mock;
			sourceTree = "<group>";
		};
		B988192C27FA25900012C488 /* Extension */ = {
			isa = PBXGroup;
			children = (
				B988192D27FA259D0012C488 /* UIView+Extension.swift */,
			);
			path = Extension;
			sourceTree = "<group>";
		};
		B988193327FB45DE0012C488 /* Destaque */ = {
			isa = PBXGroup;
			children = (
				B988192027F8891E0012C488 /* ViagemTableViewCell.xib */,
				B988191F27F8891E0012C488 /* ViagemTableViewCell.swift */,
			);
			path = Destaque;
			sourceTree = "<group>";
		};
		B988193427FB45F40012C488 /* Oferta */ = {
			isa = PBXGroup;
			children = (
				B988193527FB46270012C488 /* OfertaTableViewCell.swift */,
				B988193627FB46270012C488 /* OfertaTableViewCell.xib */,
			);
			path = Oferta;
			sourceTree = "<group>";
		};
		B988193D27FC91E80012C488 /* DetalheViewController */ = {
			isa = PBXGroup;
			children = (
				B988193F27FC92270012C488 /* DetalheViewController.xib */,
				B988193E27FC92270012C488 /* DetalheViewController.swift */,
			);
			path = DetalheViewController;
			sourceTree = "<group>";
		};
/* End PBXGroup section */

/* Begin PBXNativeTarget section */
		B96E0C9327F4069D0071FA64 /* AppViagens */ = {
			isa = PBXNativeTarget;
			buildConfigurationList = B96E0CA827F4069E0071FA64 /* Build configuration list for PBXNativeTarget "AppViagens" */;
			buildPhases = (
				B96E0C9027F4069D0071FA64 /* Sources */,
				B96E0C9127F4069D0071FA64 /* Frameworks */,
				B96E0C9227F4069D0071FA64 /* Resources */,
			);
			buildRules = (
			);
			dependencies = (
			);
			name = AppViagens;
			productName = AppViagens;
			productReference = B96E0C9427F4069D0071FA64 /* AppViagens.app */;
			productType = "com.apple.product-type.application";
		};
/* End PBXNativeTarget section */

/* Begin PBXProject section */
		B96E0C8C27F4069D0071FA64 /* Project object */ = {
			isa = PBXProject;
			attributes = {
				BuildIndependentTargetsInParallel = 1;
				LastSwiftUpdateCheck = 1330;
				LastUpgradeCheck = 1330;
				TargetAttributes = {
					B96E0C9327F4069D0071FA64 = {
						CreatedOnToolsVersion = 13.3;
					};
				};
			};
			buildConfigurationList = B96E0C8F27F4069D0071FA64 /* Build configuration list for PBXProject "AppViagens" */;
			compatibilityVersion = "Xcode 13.0";
			developmentRegion = en;
			hasScannedForEncodings = 0;
			knownRegions = (
				en,
				Base,
			);
			mainGroup = B96E0C8B27F4069D0071FA64;
			productRefGroup = B96E0C9527F4069D0071FA64 /* Products */;
			projectDirPath = "";
			projectRoot = "";
			targets = (
				B96E0C9327F4069D0071FA64 /* AppViagens */,
			);
		};
/* End PBXProject section */

/* Begin PBXResourcesBuildPhase section */
		B96E0C9227F4069D0071FA64 /* Resources */ = {
			isa = PBXResourcesBuildPhase;
			buildActionMask = 2147483647;
			files = (
				B988194127FC92270012C488 /* DetalheViewController.xib in Resources */,
				B96E0CA427F4069E0071FA64 /* LaunchScreen.storyboard in Resources */,
				B988192527FA24FF0012C488 /* server-response.json in Resources */,
				B96E0CAC27F4A0400071FA64 /* HomeTableViewHeader.xib in Resources */,
				B96E0CA127F4069E0071FA64 /* Assets.xcassets in Resources */,
				B96E0C9F27F4069D0071FA64 /* Main.storyboard in Resources */,
				B988192227F8891E0012C488 /* ViagemTableViewCell.xib in Resources */,
				B988193827FB46270012C488 /* OfertaTableViewCell.xib in Resources */,
			);
			runOnlyForDeploymentPostprocessing = 0;
		};
/* End PBXResourcesBuildPhase section */

/* Begin PBXSourcesBuildPhase section */
		B96E0C9027F4069D0071FA64 /* Sources */ = {
			isa = PBXSourcesBuildPhase;
			buildActionMask = 2147483647;
			files = (
				B988192B27FA257E0012C488 /* Viagem.swift in Sources */,
				B96E0C9C27F4069D0071FA64 /* ViewController.swift in Sources */,
				B988192127F8891E0012C488 /* ViagemTableViewCell.swift in Sources */,
				B988192E27FA259D0012C488 /* UIView+Extension.swift in Sources */,
				B988193A27FB48DB0012C488 /* ViagemOfertaViewModel.swift in Sources */,
				B988193727FB46270012C488 /* OfertaTableViewCell.swift in Sources */,
				B988192927FA25680012C488 /* TiposDeViagens.swift in Sources */,
				B96E0CAE27F4A2850071FA64 /* HomeTableViewHeader.swift in Sources */,
				B988192727FA254B0012C488 /* DecodableData.swift in Sources */,
				B96E0C9827F4069D0071FA64 /* AppDelegate.swift in Sources */,
				B96E0C9A27F4069D0071FA64 /* SceneDelegate.swift in Sources */,
				B988193027FA26680012C488 /* ViagemViewModel.swift in Sources */,
				B988194027FC92270012C488 /* DetalheViewController.swift in Sources */,
				B988193227FA28320012C488 /* ViagemDestaqueViewModel.swift in Sources */,
			);
			runOnlyForDeploymentPostprocessing = 0;
		};
/* End PBXSourcesBuildPhase section */

/* Begin PBXVariantGroup section */
		B96E0C9D27F4069D0071FA64 /* Main.storyboard */ = {
			isa = PBXVariantGroup;
			children = (
				B96E0C9E27F4069D0071FA64 /* Base */,
			);
			name = Main.storyboard;
			sourceTree = "<group>";
		};
		B96E0CA227F4069E0071FA64 /* LaunchScreen.storyboard */ = {
			isa = PBXVariantGroup;
			children = (
				B96E0CA327F4069E0071FA64 /* Base */,
			);
			name = LaunchScreen.storyboard;
			sourceTree = "<group>";
		};
/* End PBXVariantGroup section */

/* Begin XCBuildConfiguration section */
		B96E0CA627F4069E0071FA64 /* Debug */ = {
			isa = XCBuildConfiguration;
			buildSettings = {
				ALWAYS_SEARCH_USER_PATHS = NO;
				CLANG_ANALYZER_NONNULL = YES;
				CLANG_ANALYZER_NUMBER_OBJECT_CONVERSION = YES_AGGRESSIVE;
				CLANG_CXX_LANGUAGE_STANDARD = "gnu++17";
				CLANG_ENABLE_MODULES = YES;
				CLANG_ENABLE_OBJC_ARC = YES;
				CLANG_ENABLE_OBJC_WEAK = YES;
				CLANG_WARN_BLOCK_CAPTURE_AUTORELEASING = YES;
				CLANG_WARN_BOOL_CONVERSION = YES;
				CLANG_WARN_COMMA = YES;
				CLANG_WARN_CONSTANT_CONVERSION = YES;
				CLANG_WARN_DEPRECATED_OBJC_IMPLEMENTATIONS = YES;
				CLANG_WARN_DIRECT_OBJC_ISA_USAGE = YES_ERROR;
				CLANG_WARN_DOCUMENTATION_COMMENTS = YES;
				CLANG_WARN_EMPTY_BODY = YES;
				CLANG_WARN_ENUM_CONVERSION = YES;
				CLANG_WARN_INFINITE_RECURSION = YES;
				CLANG_WARN_INT_CONVERSION = YES;
				CLANG_WARN_NON_LITERAL_NULL_CONVERSION = YES;
				CLANG_WARN_OBJC_IMPLICIT_RETAIN_SELF = YES;
				CLANG_WARN_OBJC_LITERAL_CONVERSION = YES;
				CLANG_WARN_OBJC_ROOT_CLASS = YES_ERROR;
				CLANG_WARN_QUOTED_INCLUDE_IN_FRAMEWORK_HEADER = YES;
				CLANG_WARN_RANGE_LOOP_ANALYSIS = YES;
				CLANG_WARN_STRICT_PROTOTYPES = YES;
				CLANG_WARN_SUSPICIOUS_MOVE = YES;
				CLANG_WARN_UNGUARDED_AVAILABILITY = YES_AGGRESSIVE;
				CLANG_WARN_UNREACHABLE_CODE = YES;
				CLANG_WARN__DUPLICATE_METHOD_MATCH = YES;
				COPY_PHASE_STRIP = NO;
				DEBUG_INFORMATION_FORMAT = dwarf;
				ENABLE_STRICT_OBJC_MSGSEND = YES;
				ENABLE_TESTABILITY = YES;
				GCC_C_LANGUAGE_STANDARD = gnu11;
				GCC_DYNAMIC_NO_PIC = NO;
				GCC_NO_COMMON_BLOCKS = YES;
				GCC_OPTIMIZATION_LEVEL = 0;
				GCC_PREPROCESSOR_DEFINITIONS = (
					"DEBUG=1",
					"$(inherited)",
				);
				GCC_WARN_64_TO_32_BIT_CONVERSION = YES;
				GCC_WARN_ABOUT_RETURN_TYPE = YES_ERROR;
				GCC_WARN_UNDECLARED_SELECTOR = YES;
				GCC_WARN_UNINITIALIZED_AUTOS = YES_AGGRESSIVE;
				GCC_WARN_UNUSED_FUNCTION = YES;
				GCC_WARN_UNUSED_VARIABLE = YES;
				IPHONEOS_DEPLOYMENT_TARGET = 15.4;
				MTL_ENABLE_DEBUG_INFO = INCLUDE_SOURCE;
				MTL_FAST_MATH = YES;
				ONLY_ACTIVE_ARCH = YES;
				SDKROOT = iphoneos;
				SWIFT_ACTIVE_COMPILATION_CONDITIONS = DEBUG;
				SWIFT_OPTIMIZATION_LEVEL = "-Onone";
			};
			name = Debug;
		};
		B96E0CA727F4069E0071FA64 /* Release */ = {
			isa = XCBuildConfiguration;
			buildSettings = {
				ALWAYS_SEARCH_USER_PATHS = NO;
				CLANG_ANALYZER_NONNULL = YES;
				CLANG_ANALYZER_NUMBER_OBJECT_CONVERSION = YES_AGGRESSIVE;
				CLANG_CXX_LANGUAGE_STANDARD = "gnu++17";
				CLANG_ENABLE_MODULES = YES;
				CLANG_ENABLE_OBJC_ARC = YES;
				CLANG_ENABLE_OBJC_WEAK = YES;
				CLANG_WARN_BLOCK_CAPTURE_AUTORELEASING = YES;
				CLANG_WARN_BOOL_CONVERSION = YES;
				CLANG_WARN_COMMA = YES;
				CLANG_WARN_CONSTANT_CONVERSION = YES;
				CLANG_WARN_DEPRECATED_OBJC_IMPLEMENTATIONS = YES;
				CLANG_WARN_DIRECT_OBJC_ISA_USAGE = YES_ERROR;
				CLANG_WARN_DOCUMENTATION_COMMENTS = YES;
				CLANG_WARN_EMPTY_BODY = YES;
				CLANG_WARN_ENUM_CONVERSION = YES;
				CLANG_WARN_INFINITE_RECURSION = YES;
				CLANG_WARN_INT_CONVERSION = YES;
				CLANG_WARN_NON_LITERAL_NULL_CONVERSION = YES;
				CLANG_WARN_OBJC_IMPLICIT_RETAIN_SELF = YES;
				CLANG_WARN_OBJC_LITERAL_CONVERSION = YES;
				CLANG_WARN_OBJC_ROOT_CLASS = YES_ERROR;
				CLANG_WARN_QUOTED_INCLUDE_IN_FRAMEWORK_HEADER = YES;
				CLANG_WARN_RANGE_LOOP_ANALYSIS = YES;
				CLANG_WARN_STRICT_PROTOTYPES = YES;
				CLANG_WARN_SUSPICIOUS_MOVE = YES;
				CLANG_WARN_UNGUARDED_AVAILABILITY = YES_AGGRESSIVE;
				CLANG_WARN_UNREACHABLE_CODE = YES;
				CLANG_WARN__DUPLICATE_METHOD_MATCH = YES;
				COPY_PHASE_STRIP = NO;
				DEBUG_INFORMATION_FORMAT = "dwarf-with-dsym";
				ENABLE_NS_ASSERTIONS = NO;
				ENABLE_STRICT_OBJC_MSGSEND = YES;
				GCC_C_LANGUAGE_STANDARD = gnu11;
				GCC_NO_COMMON_BLOCKS = YES;
				GCC_WARN_64_TO_32_BIT_CONVERSION = YES;
				GCC_WARN_ABOUT_RETURN_TYPE = YES_ERROR;
				GCC_WARN_UNDECLARED_SELECTOR = YES;
				GCC_WARN_UNINITIALIZED_AUTOS = YES_AGGRESSIVE;
				GCC_WARN_UNUSED_FUNCTION = YES;
				GCC_WARN_UNUSED_VARIABLE = YES;
				IPHONEOS_DEPLOYMENT_TARGET = 15.4;
				MTL_ENABLE_DEBUG_INFO = NO;
				MTL_FAST_MATH = YES;
				SDKROOT = iphoneos;
				SWIFT_COMPILATION_MODE = wholemodule;
				SWIFT_OPTIMIZATION_LEVEL = "-O";
				VALIDATE_PRODUCT = YES;
			};
			name = Release;
		};
		B96E0CA927F4069E0071FA64 /* Debug */ = {
			isa = XCBuildConfiguration;
			buildSettings = {
				ASSETCATALOG_COMPILER_APPICON_NAME = AppIcon;
				ASSETCATALOG_COMPILER_GLOBAL_ACCENT_COLOR_NAME = AccentColor;
				CODE_SIGN_STYLE = Automatic;
				CURRENT_PROJECT_VERSION = 1;
				DEVELOPMENT_TEAM = VZUW6X5B2C;
				GENERATE_INFOPLIST_FILE = YES;
				INFOPLIST_FILE = AppViagens/Info.plist;
				INFOPLIST_KEY_UIApplicationSupportsIndirectInputEvents = YES;
				INFOPLIST_KEY_UILaunchStoryboardName = LaunchScreen;
				INFOPLIST_KEY_UIMainStoryboardFile = Main;
				INFOPLIST_KEY_UISupportedInterfaceOrientations_iPad = "UIInterfaceOrientationPortrait UIInterfaceOrientationPortraitUpsideDown UIInterfaceOrientationLandscapeLeft UIInterfaceOrientationLandscapeRight";
				INFOPLIST_KEY_UISupportedInterfaceOrientations_iPhone = "UIInterfaceOrientationPortrait UIInterfaceOrientationLandscapeLeft UIInterfaceOrientationLandscapeRight";
				LD_RUNPATH_SEARCH_PATHS = (
					"$(inherited)",
					"@executable_path/Frameworks",
				);
				MARKETING_VERSION = 1.0;
				PRODUCT_BUNDLE_IDENTIFIER = afc.AppViagens;
				PRODUCT_NAME = "$(TARGET_NAME)";
				SWIFT_EMIT_LOC_STRINGS = YES;
				SWIFT_VERSION = 5.0;
				TARGETED_DEVICE_FAMILY = "1,2";
			};
			name = Debug;
		};
		B96E0CAA27F4069E0071FA64 /* Release */ = {
			isa = XCBuildConfiguration;
			buildSettings = {
				ASSETCATALOG_COMPILER_APPICON_NAME = AppIcon;
				ASSETCATALOG_COMPILER_GLOBAL_ACCENT_COLOR_NAME = AccentColor;
				CODE_SIGN_STYLE = Automatic;
				CURRENT_PROJECT_VERSION = 1;
				DEVELOPMENT_TEAM = VZUW6X5B2C;
				GENERATE_INFOPLIST_FILE = YES;
				INFOPLIST_FILE = AppViagens/Info.plist;
				INFOPLIST_KEY_UIApplicationSupportsIndirectInputEvents = YES;
				INFOPLIST_KEY_UILaunchStoryboardName = LaunchScreen;
				INFOPLIST_KEY_UIMainStoryboardFile = Main;
				INFOPLIST_KEY_UISupportedInterfaceOrientations_iPad = "UIInterfaceOrientationPortrait UIInterfaceOrientationPortraitUpsideDown UIInterfaceOrientationLandscapeLeft UIInterfaceOrientationLandscapeRight";
				INFOPLIST_KEY_UISupportedInterfaceOrientations_iPhone = "UIInterfaceOrientationPortrait UIInterfaceOrientationLandscapeLeft UIInterfaceOrientationLandscapeRight";
				LD_RUNPATH_SEARCH_PATHS = (
					"$(inherited)",
					"@executable_path/Frameworks",
				);
				MARKETING_VERSION = 1.0;
				PRODUCT_BUNDLE_IDENTIFIER = afc.AppViagens;
				PRODUCT_NAME = "$(TARGET_NAME)";
				SWIFT_EMIT_LOC_STRINGS = YES;
				SWIFT_VERSION = 5.0;
				TARGETED_DEVICE_FAMILY = "1,2";
			};
			name = Release;
		};
/* End XCBuildConfiguration section */

/* Begin XCConfigurationList section */
		B96E0C8F27F4069D0071FA64 /* Build configuration list for PBXProject "AppViagens" */ = {
			isa = XCConfigurationList;
			buildConfigurations = (
				B96E0CA627F4069E0071FA64 /* Debug */,
				B96E0CA727F4069E0071FA64 /* Release */,
			);
			defaultConfigurationIsVisible = 0;
			defaultConfigurationName = Release;
		};
		B96E0CA827F4069E0071FA64 /* Build configuration list for PBXNativeTarget "AppViagens" */ = {
			isa = XCConfigurationList;
			buildConfigurations = (
				B96E0CA927F4069E0071FA64 /* Debug */,
				B96E0CAA27F4069E0071FA64 /* Release */,
			);
			defaultConfigurationIsVisible = 0;
			defaultConfigurationName = Release;
		};
/* End XCConfigurationList section */
	};
	rootObject = B96E0C8C27F4069D0071FA64 /* Project object */;
}
